version = 1
<<<<<<< HEAD
revision = 1
requires-python = ">=3.11"

[[package]]
name = "flake8"
version = "7.2.0"
source = { registry = "https://pypi.org/simple" }
dependencies = [
    { name = "mccabe" },
    { name = "pycodestyle" },
    { name = "pyflakes" },
]
sdist = { url = "https://files.pythonhosted.org/packages/e7/c4/5842fc9fc94584c455543540af62fd9900faade32511fab650e9891ec225/flake8-7.2.0.tar.gz", hash = "sha256:fa558ae3f6f7dbf2b4f22663e5343b6b6023620461f8d4ff2019ef4b5ee70426", size = 48177 }
wheels = [
    { url = "https://files.pythonhosted.org/packages/83/5c/0627be4c9976d56b1217cb5187b7504e7fd7d3503f8bfd312a04077bd4f7/flake8-7.2.0-py2.py3-none-any.whl", hash = "sha256:93b92ba5bdb60754a6da14fa3b93a9361fd00a59632ada61fd7b130436c40343", size = 57786 },
]

[[package]]
name = "go-task-bin"
version = "3.43.3"
source = { registry = "https://pypi.org/simple" }
sdist = { url = "https://files.pythonhosted.org/packages/2a/80/74a6d8e7dea0271055d2011bcbf09fbc47cbd9f20e2f369c0061c4a4cf39/go_task_bin-3.43.3.tar.gz", hash = "sha256:f62762d64b5811924df06ad326a433565b018a20a0e1c5a099276daa300c0512", size = 568635 }
wheels = [
    { url = "https://files.pythonhosted.org/packages/8f/36/296db0b20ba0f9ea11aca8d32034a084262ce1421f10c77a68e72538650f/go_task_bin-3.43.3-py3-none-macosx_11_0_arm64.whl", hash = "sha256:38d0052c654603c050c77346c7c79419c1f9dfc654c53674735a544dca244752", size = 6352382 },
    { url = "https://files.pythonhosted.org/packages/8f/2e/4b91bafbf184fab7f029737e04d4446d5119de74f4dde9f7828996acb086/go_task_bin-3.43.3-py3-none-macosx_11_0_x86_64.whl", hash = "sha256:00331c3984c5f647964ddfc5f87c42c67c0896284e3f887991914cd28940c2a3", size = 6807106 },
    { url = "https://files.pythonhosted.org/packages/ee/08/7ab2a9f37bab168b7f1eb13783fdfa536d7297923ea66a3ac8ce4ba29847/go_task_bin-3.43.3-py3-none-manylinux2014_aarch64.manylinux_2_17_aarch64.musllinux_1_1_aarch64.whl", hash = "sha256:703e226720d078e4b894d91b33a6c6237a7ff7585679a413bd4c8a95568c86af", size = 6117566 },
    { url = "https://files.pythonhosted.org/packages/8f/90/2cd35d7a06e7197fc90ad420eb6f71b23591c4bb2e30091a2d6d2be10c2e/go_task_bin-3.43.3-py3-none-manylinux2014_ppc64le.manylinux_2_17_ppc64le.musllinux_1_1_ppc64le.whl", hash = "sha256:7784f4200280f85630e8e4224d58e88f577d47fccc4dc389bcaff76bd9d9203f", size = 6089806 },
    { url = "https://files.pythonhosted.org/packages/11/ea/2ac7aab57b0b2c2dd3c1cf9fecfabbf7ca7301076d997dded04fa2673711/go_task_bin-3.43.3-py3-none-manylinux2014_s390x.manylinux_2_17_s390x.musllinux_1_1_s390x.whl", hash = "sha256:e6fb768b9a7a7bc24f70dcb53b9b3147debcbf41fd754d3bf160ca0d4c1bd841", size = 6566059 },
    { url = "https://files.pythonhosted.org/packages/c0/9a/97861874f58c7da8b6c9b743918ab11fd131c325fe59a03a19587402a4dc/go_task_bin-3.43.3-py3-none-manylinux2014_x86_64.manylinux_2_17_x86_64.musllinux_1_1_x86_64.whl", hash = "sha256:9c2f4c2dfeb9fd36041c272dc5f16cbaea64cc9fd8e54f7023eadb086a4184a7", size = 6698477 },
    { url = "https://files.pythonhosted.org/packages/40/fd/597ae040c12660615fc2259114956dc5c614f1cdea71f76be55a8e855c87/go_task_bin-3.43.3-py3-none-win_amd64.whl", hash = "sha256:bea9669ed4e24dea06996aff06581e217c10c2f924b6ba2059d52a93c3a64c2a", size = 6893762 },
    { url = "https://files.pythonhosted.org/packages/63/8f/05cdd4610faebe109751d96f4ee6eaa40ac64b02ee9e4d372474ff314ba0/go_task_bin-3.43.3-py3-none-win_arm64.whl", hash = "sha256:f489b987814b8086f09617b678e911f1eed60955dba830c2d8f736d21dfc230b", size = 6217419 },
]

[[package]]
name = "mccabe"
version = "0.7.0"
source = { registry = "https://pypi.org/simple" }
sdist = { url = "https://files.pythonhosted.org/packages/e7/ff/0ffefdcac38932a54d2b5eed4e0ba8a408f215002cd178ad1df0f2806ff8/mccabe-0.7.0.tar.gz", hash = "sha256:348e0240c33b60bbdf4e523192ef919f28cb2c3d7d5c7794f74009290f236325", size = 9658 }
wheels = [
    { url = "https://files.pythonhosted.org/packages/27/1a/1f68f9ba0c207934b35b86a8ca3aad8395a3d6dd7921c0686e23853ff5a9/mccabe-0.7.0-py2.py3-none-any.whl", hash = "sha256:6c2d30ab6be0e4a46919781807b4f0d834ebdd6c6e3dca0bda5a15f863427b6e", size = 7350 },
]

[[package]]
name = "pycodestyle"
version = "2.13.0"
source = { registry = "https://pypi.org/simple" }
sdist = { url = "https://files.pythonhosted.org/packages/04/6e/1f4a62078e4d95d82367f24e685aef3a672abfd27d1a868068fed4ed2254/pycodestyle-2.13.0.tar.gz", hash = "sha256:c8415bf09abe81d9c7f872502a6eee881fbe85d8763dd5b9924bb0a01d67efae", size = 39312 }
wheels = [
    { url = "https://files.pythonhosted.org/packages/07/be/b00116df1bfb3e0bb5b45e29d604799f7b91dd861637e4d448b4e09e6a3e/pycodestyle-2.13.0-py2.py3-none-any.whl", hash = "sha256:35863c5974a271c7a726ed228a14a4f6daf49df369d8c50cd9a6f58a5e143ba9", size = 31424 },
]

[[package]]
name = "pyflakes"
version = "3.3.2"
source = { registry = "https://pypi.org/simple" }
sdist = { url = "https://files.pythonhosted.org/packages/af/cc/1df338bd7ed1fa7c317081dcf29bf2f01266603b301e6858856d346a12b3/pyflakes-3.3.2.tar.gz", hash = "sha256:6dfd61d87b97fba5dcfaaf781171ac16be16453be6d816147989e7f6e6a9576b", size = 64175 }
wheels = [
    { url = "https://files.pythonhosted.org/packages/15/40/b293a4fa769f3b02ab9e387c707c4cbdc34f073f945de0386107d4e669e6/pyflakes-3.3.2-py2.py3-none-any.whl", hash = "sha256:5039c8339cbb1944045f4ee5466908906180f13cc99cc9949348d10f82a5c32a", size = 63164 },
=======
revision = 2
requires-python = ">=3.12"

[[package]]
name = "colorama"
version = "0.4.6"
source = { registry = "https://pypi.org/simple" }
sdist = { url = "https://files.pythonhosted.org/packages/d8/53/6f443c9a4a8358a93a6792e2acffb9d9d5cb0a5cfd8802644b7b1c9a02e4/colorama-0.4.6.tar.gz", hash = "sha256:08695f5cb7ed6e0531a20572697297273c47b8cae5a63ffc6d6ed5c201be6e44", size = 27697, upload-time = "2022-10-25T02:36:22.414Z" }
wheels = [
    { url = "https://files.pythonhosted.org/packages/d1/d6/3965ed04c63042e047cb6a3e6ed1a63a35087b6a609aa3a15ed8ac56c221/colorama-0.4.6-py2.py3-none-any.whl", hash = "sha256:4f1d9991f5acc0ca119f9d443620b77f9d6b33703e51011c16baf57afb285fc6", size = 25335, upload-time = "2022-10-25T02:36:20.889Z" },
]

[[package]]
name = "iniconfig"
version = "2.1.0"
source = { registry = "https://pypi.org/simple" }
sdist = { url = "https://files.pythonhosted.org/packages/f2/97/ebf4da567aa6827c909642694d71c9fcf53e5b504f2d96afea02718862f3/iniconfig-2.1.0.tar.gz", hash = "sha256:3abbd2e30b36733fee78f9c7f7308f2d0050e88f0087fd25c2645f63c773e1c7", size = 4793, upload-time = "2025-03-19T20:09:59.721Z" }
wheels = [
    { url = "https://files.pythonhosted.org/packages/2c/e1/e6716421ea10d38022b952c159d5161ca1193197fb744506875fbb87ea7b/iniconfig-2.1.0-py3-none-any.whl", hash = "sha256:9deba5723312380e77435581c6bf4935c94cbfab9b1ed33ef8d238ea168eb760", size = 6050, upload-time = "2025-03-19T20:10:01.071Z" },
]

[[package]]
name = "packaging"
version = "25.0"
source = { registry = "https://pypi.org/simple" }
sdist = { url = "https://files.pythonhosted.org/packages/a1/d4/1fc4078c65507b51b96ca8f8c3ba19e6a61c8253c72794544580a7b6c24d/packaging-25.0.tar.gz", hash = "sha256:d443872c98d677bf60f6a1f2f8c1cb748e8fe762d2bf9d3148b5599295b0fc4f", size = 165727, upload-time = "2025-04-19T11:48:59.673Z" }
wheels = [
    { url = "https://files.pythonhosted.org/packages/20/12/38679034af332785aac8774540895e234f4d07f7545804097de4b666afd8/packaging-25.0-py3-none-any.whl", hash = "sha256:29572ef2b1f17581046b3a2227d5c611fb25ec70ca1ba8554b24b0e69331a484", size = 66469, upload-time = "2025-04-19T11:48:57.875Z" },
]

[[package]]
name = "pluggy"
version = "1.6.0"
source = { registry = "https://pypi.org/simple" }
sdist = { url = "https://files.pythonhosted.org/packages/f9/e2/3e91f31a7d2b083fe6ef3fa267035b518369d9511ffab804f839851d2779/pluggy-1.6.0.tar.gz", hash = "sha256:7dcc130b76258d33b90f61b658791dede3486c3e6bfb003ee5c9bfb396dd22f3", size = 69412, upload-time = "2025-05-15T12:30:07.975Z" }
wheels = [
    { url = "https://files.pythonhosted.org/packages/54/20/4d324d65cc6d9205fabedc306948156824eb9f0ee1633355a8f7ec5c66bf/pluggy-1.6.0-py3-none-any.whl", hash = "sha256:e920276dd6813095e9377c0bc5566d94c932c33b27a3e3945d8389c374dd4746", size = 20538, upload-time = "2025-05-15T12:30:06.134Z" },
]

[[package]]
name = "pytest"
version = "8.3.5"
source = { registry = "https://pypi.org/simple" }
dependencies = [
    { name = "colorama", marker = "sys_platform == 'win32'" },
    { name = "iniconfig" },
    { name = "packaging" },
    { name = "pluggy" },
]
sdist = { url = "https://files.pythonhosted.org/packages/ae/3c/c9d525a414d506893f0cd8a8d0de7706446213181570cdbd766691164e40/pytest-8.3.5.tar.gz", hash = "sha256:f4efe70cc14e511565ac476b57c279e12a855b11f48f212af1080ef2263d3845", size = 1450891, upload-time = "2025-03-02T12:54:54.503Z" }
wheels = [
    { url = "https://files.pythonhosted.org/packages/30/3d/64ad57c803f1fa1e963a7946b6e0fea4a70df53c1a7fed304586539c2bac/pytest-8.3.5-py3-none-any.whl", hash = "sha256:c69214aa47deac29fad6c2a4f590b9c4a9fdb16a403176fe154b79c0b4d4d820", size = 343634, upload-time = "2025-03-02T12:54:52.069Z" },
>>>>>>> origin/main
]

[[package]]
name = "timecli"
version = "0.1.0"
source = { virtual = "." }
dependencies = [
<<<<<<< HEAD
    { name = "flake8" },
    { name = "go-task-bin" },
]

[package.metadata]
requires-dist = [
    { name = "flake8", specifier = ">=7.2.0" },
    { name = "go-task-bin", specifier = ">=3.43.3" },
]
=======
    { name = "pytest" },
]

[package.metadata]
requires-dist = [{ name = "pytest", specifier = ">=8.3.5" }]
>>>>>>> origin/main
